
Microsoft Visual Studio Solution File, Format Version 12.00
# Visual Studio Version 17
VisualStudioVersion = 17.0.31903.59
MinimumVisualStudioVersion = 10.0.40219.1
Project("{FAE04EC0-301F-11D3-BF4B-00C04F79EFBC}") = "CleanArch.WebUI", "CleanArch.WebUI\CleanArch.WebUI.csproj", "{86846484-CED8-44ED-B84A-D72200154DCF}"
EndProject
Project("{FAE04EC0-301F-11D3-BF4B-00C04F79EFBC}") = "CleanArch.Application", "CleanArch.Application\CleanArch.Application.csproj", "{032639D3-C718-483B-B4F7-E5A45465C073}"
EndProject
Project("{FAE04EC0-301F-11D3-BF4B-00C04F79EFBC}") = "CleanArch.Domain", "CleanArch.Domain\CleanArch.Domain.csproj", "{395A5C15-F114-4C08-A231-177A25EDCC8C}"
EndProject
Project("{FAE04EC0-301F-11D3-BF4B-00C04F79EFBC}") = "CleanArch.Infra.Data", "CleanArch.Infra.Data\CleanArch.Infra.Data.csproj", "{78037547-0ED1-4855-B0F6-4825E29D3157}"
EndProject
Project("{FAE04EC0-301F-11D3-BF4B-00C04F79EFBC}") = "CleanArch.Infra.IoC", "CleanArch.Infra.IoC\CleanArch.Infra.IoC.csproj", "{F83D3F4B-9754-4F5F-BDBA-25914CE3ACA5}"
EndProject
Project("{FAE04EC0-301F-11D3-BF4B-00C04F79EFBC}") = "CleanArch.Domain.Tests", "CleanArch.Domain.Tests\CleanArch.Domain.Tests.csproj", "{4F1FB95D-65A1-4C87-B266-164987A2891D}"
EndProject
Global
	GlobalSection(SolutionProperties) = preSolution
		HideSolutionNode = FALSE
	EndGlobalSection
	GlobalSection(SolutionConfigurationPlatforms) = preSolution
		Debug|Any CPU = Debug|Any CPU
		Debug|x64 = Debug|x64
		Debug|x86 = Debug|x86
		Release|Any CPU = Release|Any CPU
		Release|x64 = Release|x64
		Release|x86 = Release|x86
	EndGlobalSection
	GlobalSection(ProjectConfigurationPlatforms) = postSolution
		{86846484-CED8-44ED-B84A-D72200154DCF}.Debug|Any CPU.ActiveCfg = Debug|Any CPU
		{86846484-CED8-44ED-B84A-D72200154DCF}.Debug|Any CPU.Build.0 = Debug|Any CPU
		{86846484-CED8-44ED-B84A-D72200154DCF}.Debug|x64.ActiveCfg = Debug|Any CPU
		{86846484-CED8-44ED-B84A-D72200154DCF}.Debug|x64.Build.0 = Debug|Any CPU
		{86846484-CED8-44ED-B84A-D72200154DCF}.Debug|x86.ActiveCfg = Debug|Any CPU
		{86846484-CED8-44ED-B84A-D72200154DCF}.Debug|x86.Build.0 = Debug|Any CPU
		{86846484-CED8-44ED-B84A-D72200154DCF}.Release|Any CPU.ActiveCfg = Release|Any CPU
		{86846484-CED8-44ED-B84A-D72200154DCF}.Release|Any CPU.Build.0 = Release|Any CPU
		{86846484-CED8-44ED-B84A-D72200154DCF}.Release|x64.ActiveCfg = Release|Any CPU
		{86846484-CED8-44ED-B84A-D72200154DCF}.Release|x64.Build.0 = Release|Any CPU
		{86846484-CED8-44ED-B84A-D72200154DCF}.Release|x86.ActiveCfg = Release|Any CPU
		{86846484-CED8-44ED-B84A-D72200154DCF}.Release|x86.Build.0 = Release|Any CPU
		{032639D3-C718-483B-B4F7-E5A45465C073}.Debug|Any CPU.ActiveCfg = Debug|Any CPU
		{032639D3-C718-483B-B4F7-E5A45465C073}.Debug|Any CPU.Build.0 = Debug|Any CPU
		{032639D3-C718-483B-B4F7-E5A45465C073}.Debug|x64.ActiveCfg = Debug|Any CPU
		{032639D3-C718-483B-B4F7-E5A45465C073}.Debug|x64.Build.0 = Debug|Any CPU
		{032639D3-C718-483B-B4F7-E5A45465C073}.Debug|x86.ActiveCfg = Debug|Any CPU
		{032639D3-C718-483B-B4F7-E5A45465C073}.Debug|x86.Build.0 = Debug|Any CPU
		{032639D3-C718-483B-B4F7-E5A45465C073}.Release|Any CPU.ActiveCfg = Release|Any CPU
		{032639D3-C718-483B-B4F7-E5A45465C073}.Release|Any CPU.Build.0 = Release|Any CPU
		{032639D3-C718-483B-B4F7-E5A45465C073}.Release|x64.ActiveCfg = Release|Any CPU
		{032639D3-C718-483B-B4F7-E5A45465C073}.Release|x64.Build.0 = Release|Any CPU
		{032639D3-C718-483B-B4F7-E5A45465C073}.Release|x86.ActiveCfg = Release|Any CPU
		{032639D3-C718-483B-B4F7-E5A45465C073}.Release|x86.Build.0 = Release|Any CPU
		{395A5C15-F114-4C08-A231-177A25EDCC8C}.Debug|Any CPU.ActiveCfg = Debug|Any CPU
		{395A5C15-F114-4C08-A231-177A25EDCC8C}.Debug|Any CPU.Build.0 = Debug|Any CPU
		{395A5C15-F114-4C08-A231-177A25EDCC8C}.Debug|x64.ActiveCfg = Debug|Any CPU
		{395A5C15-F114-4C08-A231-177A25EDCC8C}.Debug|x64.Build.0 = Debug|Any CPU
		{395A5C15-F114-4C08-A231-177A25EDCC8C}.Debug|x86.ActiveCfg = Debug|Any CPU
		{395A5C15-F114-4C08-A231-177A25EDCC8C}.Debug|x86.Build.0 = Debug|Any CPU
		{395A5C15-F114-4C08-A231-177A25EDCC8C}.Release|Any CPU.ActiveCfg = Release|Any CPU
		{395A5C15-F114-4C08-A231-177A25EDCC8C}.Release|Any CPU.Build.0 = Release|Any CPU
		{395A5C15-F114-4C08-A231-177A25EDCC8C}.Release|x64.ActiveCfg = Release|Any CPU
		{395A5C15-F114-4C08-A231-177A25EDCC8C}.Release|x64.Build.0 = Release|Any CPU
		{395A5C15-F114-4C08-A231-177A25EDCC8C}.Release|x86.ActiveCfg = Release|Any CPU
		{395A5C15-F114-4C08-A231-177A25EDCC8C}.Release|x86.Build.0 = Release|Any CPU
		{78037547-0ED1-4855-B0F6-4825E29D3157}.Debug|Any CPU.ActiveCfg = Debug|Any CPU
		{78037547-0ED1-4855-B0F6-4825E29D3157}.Debug|Any CPU.Build.0 = Debug|Any CPU
		{78037547-0ED1-4855-B0F6-4825E29D3157}.Debug|x64.ActiveCfg = Debug|Any CPU
		{78037547-0ED1-4855-B0F6-4825E29D3157}.Debug|x64.Build.0 = Debug|Any CPU
		{78037547-0ED1-4855-B0F6-4825E29D3157}.Debug|x86.ActiveCfg = Debug|Any CPU
		{78037547-0ED1-4855-B0F6-4825E29D3157}.Debug|x86.Build.0 = Debug|Any CPU
		{78037547-0ED1-4855-B0F6-4825E29D3157}.Release|Any CPU.ActiveCfg = Release|Any CPU
		{78037547-0ED1-4855-B0F6-4825E29D3157}.Release|Any CPU.Build.0 = Release|Any CPU
		{78037547-0ED1-4855-B0F6-4825E29D3157}.Release|x64.ActiveCfg = Release|Any CPU
		{78037547-0ED1-4855-B0F6-4825E29D3157}.Release|x64.Build.0 = Release|Any CPU
		{78037547-0ED1-4855-B0F6-4825E29D3157}.Release|x86.ActiveCfg = Release|Any CPU
		{78037547-0ED1-4855-B0F6-4825E29D3157}.Release|x86.Build.0 = Release|Any CPU
		{F83D3F4B-9754-4F5F-BDBA-25914CE3ACA5}.Debug|Any CPU.ActiveCfg = Debug|Any CPU
		{F83D3F4B-9754-4F5F-BDBA-25914CE3ACA5}.Debug|Any CPU.Build.0 = Debug|Any CPU
		{F83D3F4B-9754-4F5F-BDBA-25914CE3ACA5}.Debug|x64.ActiveCfg = Debug|Any CPU
		{F83D3F4B-9754-4F5F-BDBA-25914CE3ACA5}.Debug|x64.Build.0 = Debug|Any CPU
		{F83D3F4B-9754-4F5F-BDBA-25914CE3ACA5}.Debug|x86.ActiveCfg = Debug|Any CPU
		{F83D3F4B-9754-4F5F-BDBA-25914CE3ACA5}.Debug|x86.Build.0 = Debug|Any CPU
		{F83D3F4B-9754-4F5F-BDBA-25914CE3ACA5}.Release|Any CPU.ActiveCfg = Release|Any CPU
		{F83D3F4B-9754-4F5F-BDBA-25914CE3ACA5}.Release|Any CPU.Build.0 = Release|Any CPU
		{F83D3F4B-9754-4F5F-BDBA-25914CE3ACA5}.Release|x64.ActiveCfg = Release|Any CPU
		{F83D3F4B-9754-4F5F-BDBA-25914CE3ACA5}.Release|x64.Build.0 = Release|Any CPU
		{F83D3F4B-9754-4F5F-BDBA-25914CE3ACA5}.Release|x86.ActiveCfg = Release|Any CPU
		{F83D3F4B-9754-4F5F-BDBA-25914CE3ACA5}.Release|x86.Build.0 = Release|Any CPU
		{4F1FB95D-65A1-4C87-B266-164987A2891D}.Debug|Any CPU.ActiveCfg = Debug|Any CPU
		{4F1FB95D-65A1-4C87-B266-164987A2891D}.Debug|Any CPU.Build.0 = Debug|Any CPU
		{4F1FB95D-65A1-4C87-B266-164987A2891D}.Debug|x64.ActiveCfg = Debug|Any CPU
		{4F1FB95D-65A1-4C87-B266-164987A2891D}.Debug|x64.Build.0 = Debug|Any CPU
		{4F1FB95D-65A1-4C87-B266-164987A2891D}.Debug|x86.ActiveCfg = Debug|Any CPU
		{4F1FB95D-65A1-4C87-B266-164987A2891D}.Debug|x86.Build.0 = Debug|Any CPU
		{4F1FB95D-65A1-4C87-B266-164987A2891D}.Release|Any CPU.ActiveCfg = Release|Any CPU
		{4F1FB95D-65A1-4C87-B266-164987A2891D}.Release|Any CPU.Build.0 = Release|Any CPU
		{4F1FB95D-65A1-4C87-B266-164987A2891D}.Release|x64.ActiveCfg = Release|Any CPU
		{4F1FB95D-65A1-4C87-B266-164987A2891D}.Release|x64.Build.0 = Release|Any CPU
		{4F1FB95D-65A1-4C87-B266-164987A2891D}.Release|x86.ActiveCfg = Release|Any CPU
		{4F1FB95D-65A1-4C87-B266-164987A2891D}.Release|x86.Build.0 = Release|Any CPU
	EndGlobalSection
EndGlobal
